{
    "_readme": [
        "This file locks the dependencies of your project to a known state",
        "Read more about it at https://getcomposer.org/doc/01-basic-usage.md#installing-dependencies",
        "This file is @generated automatically"
    ],
    "content-hash": "4ba3a22ea213d3e972eabadeecc97514",
    "packages": [
        {
            "name": "npm-asset/cropperjs",
            "version": "1.5.9",
            "dist": {
                "type": "tar",
                "url": "https://registry.npmjs.org/cropperjs/-/cropperjs-1.5.9.tgz"
            },
            "type": "npm-asset",
            "license": [
                "MIT"
            ]
        }
    ],
    "packages-dev": [],
    "aliases": [],
    "minimum-stability": "stable",
    "stability-flags": [],
    "prefer-stable": false,
    "prefer-lowest": false,
    "platform": [],
    "platform-dev": [],
    "plugin-api-version": "1.1.0"
}
